
Microsoft Visual Studio Solution File, Format Version 12.00
# Visual Studio Version 17
VisualStudioVersion = 17.7.34024.191
MinimumVisualStudioVersion = 10.0.40219.1
Project("{FAE04EC0-301F-11D3-BF4B-00C04F79EFBC}") = "CallingMethods", "CallingMethods.csproj", "{ECD5E8B4-D06B-42E3-93FC-ADE2C8AB5CCF}"
EndProject
Global
	GlobalSection(SolutionConfigurationPlatforms) = preSolution
		Debug|Any CPU = Debug|Any CPU
		Release|Any CPU = Release|Any CPU
	EndGlobalSection
	GlobalSection(ProjectConfigurationPlatforms) = postSolution
		{ECD5E8B4-D06B-42E3-93FC-ADE2C8AB5CCF}.Debug|Any CPU.ActiveCfg = Debug|Any CPU
		{ECD5E8B4-D06B-42E3-93FC-ADE2C8AB5CCF}.Debug|Any CPU.Build.0 = Debug|Any CPU
		{ECD5E8B4-D06B-42E3-93FC-ADE2C8AB5CCF}.Release|Any CPU.ActiveCfg = Release|Any CPU
		{ECD5E8B4-D06B-42E3-93FC-ADE2C8AB5CCF}.Release|Any CPU.Build.0 = Release|Any CPU
	EndGlobalSection
	GlobalSection(SolutionProperties) = preSolution
		HideSolutionNode = FALSE
	EndGlobalSection
	GlobalSection(ExtensibilityGlobals) = postSolution
		SolutionGuid = {91B46A22-A9C2-43F9-8841-218A7F3CF353}
	EndGlobalSection
EndGlobal
