
Microsoft Visual Studio Solution File, Format Version 12.00
# Visual Studio Version 17
VisualStudioVersion = 17.7.34024.191
MinimumVisualStudioVersion = 10.0.40219.1
Project("{FAE04EC0-301F-11D3-BF4B-00C04F79EFBC}") = "Polymorphism", "Polymorphism.csproj", "{B441FA17-C11D-4C50-A78E-3EDC4CE130E2}"
EndProject
Global
	GlobalSection(SolutionConfigurationPlatforms) = preSolution
		Debug|Any CPU = Debug|Any CPU
		Release|Any CPU = Release|Any CPU
	EndGlobalSection
	GlobalSection(ProjectConfigurationPlatforms) = postSolution
		{B441FA17-C11D-4C50-A78E-3EDC4CE130E2}.Debug|Any CPU.ActiveCfg = Debug|Any CPU
		{B441FA17-C11D-4C50-A78E-3EDC4CE130E2}.Debug|Any CPU.Build.0 = Debug|Any CPU
		{B441FA17-C11D-4C50-A78E-3EDC4CE130E2}.Release|Any CPU.ActiveCfg = Release|Any CPU
		{B441FA17-C11D-4C50-A78E-3EDC4CE130E2}.Release|Any CPU.Build.0 = Release|Any CPU
	EndGlobalSection
	GlobalSection(SolutionProperties) = preSolution
		HideSolutionNode = FALSE
	EndGlobalSection
	GlobalSection(ExtensibilityGlobals) = postSolution
		SolutionGuid = {446C7D2F-1AC2-4823-A5BD-4F65BD12DD56}
	EndGlobalSection
EndGlobal
