
Microsoft Visual Studio Solution File, Format Version 12.00
# Visual Studio Version 17
VisualStudioVersion = 17.7.34024.191
MinimumVisualStudioVersion = 10.0.40219.1
Project("{FAE04EC0-301F-11D3-BF4B-00C04F79EFBC}") = "MethodSubmission", "MethodSubmission.csproj", "{A9AD69B5-2C92-413A-B3DE-154742C58E9B}"
EndProject
Global
	GlobalSection(SolutionConfigurationPlatforms) = preSolution
		Debug|Any CPU = Debug|Any CPU
		Release|Any CPU = Release|Any CPU
	EndGlobalSection
	GlobalSection(ProjectConfigurationPlatforms) = postSolution
		{A9AD69B5-2C92-413A-B3DE-154742C58E9B}.Debug|Any CPU.ActiveCfg = Debug|Any CPU
		{A9AD69B5-2C92-413A-B3DE-154742C58E9B}.Debug|Any CPU.Build.0 = Debug|Any CPU
		{A9AD69B5-2C92-413A-B3DE-154742C58E9B}.Release|Any CPU.ActiveCfg = Release|Any CPU
		{A9AD69B5-2C92-413A-B3DE-154742C58E9B}.Release|Any CPU.Build.0 = Release|Any CPU
	EndGlobalSection
	GlobalSection(SolutionProperties) = preSolution
		HideSolutionNode = FALSE
	EndGlobalSection
	GlobalSection(ExtensibilityGlobals) = postSolution
		SolutionGuid = {A707BC40-F862-4ECF-8310-FE127A4C2F12}
	EndGlobalSection
EndGlobal
